dependencies:
- name: brouter
  repository: https://joe-akeem.github.io/brouter-helm-stack/
  version: 0.2.1
- name: brouter-web
  repository: https://joe-akeem.github.io/brouter-helm-stack/
  version: 0.1.0
digest: sha256:42e27345c73fd0fecf070e2c1ebd8e204fd4c1b5c2838f38f61cf3bf3ae389d5
generated: "2025-08-15T14:02:43.480264+02:00"
