dependencies:
- name: brouter
  repository: file://../../brouter-charts/brouter
  version: 0.3.0
- name: brouter-web
  repository: file://../../brouter-charts/brouter-web
  version: 0.3.0
digest: sha256:eec852f7e55c6a1e57caba09031e5eaee544ac784c8b76d52c05d37212641664
generated: "2025-10-23T20:10:19.769011+02:00"
